
Microsoft Visual Studio Solution File, Format Version 12.00
# Visual Studio Version 17
VisualStudioVersion = 17.9.34616.47
MinimumVisualStudioVersion = 10.0.40219.1
Project("{FAE04EC0-301F-11D3-BF4B-00C04F79EFBC}") = "tpmod8_1302223061", "tpmod8_1302223061\tpmod8_1302223061.csproj", "{D3462862-EFAB-40C0-AED8-A8A9AAEC2156}"
EndProject
Global
	GlobalSection(SolutionConfigurationPlatforms) = preSolution
		Debug|Any CPU = Debug|Any CPU
		Release|Any CPU = Release|Any CPU
	EndGlobalSection
	GlobalSection(ProjectConfigurationPlatforms) = postSolution
		{D3462862-EFAB-40C0-AED8-A8A9AAEC2156}.Debug|Any CPU.ActiveCfg = Debug|Any CPU
		{D3462862-EFAB-40C0-AED8-A8A9AAEC2156}.Debug|Any CPU.Build.0 = Debug|Any CPU
		{D3462862-EFAB-40C0-AED8-A8A9AAEC2156}.Release|Any CPU.ActiveCfg = Release|Any CPU
		{D3462862-EFAB-40C0-AED8-A8A9AAEC2156}.Release|Any CPU.Build.0 = Release|Any CPU
	EndGlobalSection
	GlobalSection(SolutionProperties) = preSolution
		HideSolutionNode = FALSE
	EndGlobalSection
	GlobalSection(ExtensibilityGlobals) = postSolution
		SolutionGuid = {6EBFC9CA-C986-4476-A947-DFA4AC959C17}
	EndGlobalSection
EndGlobal
